
Microsoft Visual Studio Solution File, Format Version 12.00
# Visual Studio Version 17
VisualStudioVersion = 17.2.32630.192
MinimumVisualStudioVersion = 10.0.40219.1
Project("{FAE04EC0-301F-11D3-BF4B-00C04F79EFBC}") = "File System Manager", "File System Manager\File System Manager.csproj", "{B12CFD64-2A61-4114-8E53-49F77BCAFFBD}"
EndProject
Global
	GlobalSection(SolutionConfigurationPlatforms) = preSolution
		Debug|Any CPU = Debug|Any CPU
		Release|Any CPU = Release|Any CPU
	EndGlobalSection
	GlobalSection(ProjectConfigurationPlatforms) = postSolution
		{B12CFD64-2A61-4114-8E53-49F77BCAFFBD}.Debug|Any CPU.ActiveCfg = Debug|Any CPU
		{B12CFD64-2A61-4114-8E53-49F77BCAFFBD}.Debug|Any CPU.Build.0 = Debug|Any CPU
		{B12CFD64-2A61-4114-8E53-49F77BCAFFBD}.Release|Any CPU.ActiveCfg = Release|Any CPU
		{B12CFD64-2A61-4114-8E53-49F77BCAFFBD}.Release|Any CPU.Build.0 = Release|Any CPU
	EndGlobalSection
	GlobalSection(SolutionProperties) = preSolution
		HideSolutionNode = FALSE
	EndGlobalSection
	GlobalSection(ExtensibilityGlobals) = postSolution
		SolutionGuid = {2B77269A-2249-4204-BD95-97D0647EAD3E}
	EndGlobalSection
EndGlobal
